
Microsoft Visual Studio Solution File, Format Version 12.00
# Visual Studio Version 17
VisualStudioVersion = 17.9.34728.123
MinimumVisualStudioVersion = 10.0.40219.1
Project("{FAE04EC0-301F-11D3-BF4B-00C04F79EFBC}") = "WpfApp1", "WpfApp1\WpfApp1.csproj", "{BA3FCDD2-6D4F-45C5-885E-784FAA74BE35}"
EndProject
Project("{FAE04EC0-301F-11D3-BF4B-00C04F79EFBC}") = "SimpleTrader.Domain", "SimpleTrader.Domain\SimpleTrader.Domain.csproj", "{B78F3FB2-F6E6-4095-A7B3-721A045CF6E1}"
EndProject
Project("{FAE04EC0-301F-11D3-BF4B-00C04F79EFBC}") = "SimpleTrader.EntityFramework", "SimpleTrader.EntityFramework\SimpleTrader.EntityFramework.csproj", "{0BA71129-E9DF-4A08-B71E-2CD9DFFC12CA}"
EndProject
Global
	GlobalSection(SolutionConfigurationPlatforms) = preSolution
		Debug|Any CPU = Debug|Any CPU
		Release|Any CPU = Release|Any CPU
	EndGlobalSection
	GlobalSection(ProjectConfigurationPlatforms) = postSolution
		{BA3FCDD2-6D4F-45C5-885E-784FAA74BE35}.Debug|Any CPU.ActiveCfg = Debug|Any CPU
		{BA3FCDD2-6D4F-45C5-885E-784FAA74BE35}.Debug|Any CPU.Build.0 = Debug|Any CPU
		{BA3FCDD2-6D4F-45C5-885E-784FAA74BE35}.Release|Any CPU.ActiveCfg = Release|Any CPU
		{BA3FCDD2-6D4F-45C5-885E-784FAA74BE35}.Release|Any CPU.Build.0 = Release|Any CPU
		{B78F3FB2-F6E6-4095-A7B3-721A045CF6E1}.Debug|Any CPU.ActiveCfg = Debug|Any CPU
		{B78F3FB2-F6E6-4095-A7B3-721A045CF6E1}.Debug|Any CPU.Build.0 = Debug|Any CPU
		{B78F3FB2-F6E6-4095-A7B3-721A045CF6E1}.Release|Any CPU.ActiveCfg = Release|Any CPU
		{B78F3FB2-F6E6-4095-A7B3-721A045CF6E1}.Release|Any CPU.Build.0 = Release|Any CPU
		{0BA71129-E9DF-4A08-B71E-2CD9DFFC12CA}.Debug|Any CPU.ActiveCfg = Debug|Any CPU
		{0BA71129-E9DF-4A08-B71E-2CD9DFFC12CA}.Debug|Any CPU.Build.0 = Debug|Any CPU
		{0BA71129-E9DF-4A08-B71E-2CD9DFFC12CA}.Release|Any CPU.ActiveCfg = Release|Any CPU
		{0BA71129-E9DF-4A08-B71E-2CD9DFFC12CA}.Release|Any CPU.Build.0 = Release|Any CPU
	EndGlobalSection
	GlobalSection(SolutionProperties) = preSolution
		HideSolutionNode = FALSE
	EndGlobalSection
	GlobalSection(ExtensibilityGlobals) = postSolution
		SolutionGuid = {DC93049C-5DEE-4054-A0D9-014E3F1AEEE9}
	EndGlobalSection
EndGlobal
